{
  "name": "AdBattle",
  "lockfileVersion": 3,
  "requires": true,
  "packages": {
    "": {
      "devDependencies": {
        "@electric-sql/pglite": "0.5.8",
        "imagescript": "1.3.0"
      }
    },
    "node_modules/@electric-sql/pglite": {
      "version": "0.5.8",
      "resolved": "https://registry.npmjs.org/@electric-sql/pglite/-/pglite-0.5.8.tgz",
      "integrity": "sha512-n9tsbUOhwx2epK1V0ZG9Ar4SHWUju04dhmzZXiSBXwBoleOvIfals33NAaWgagQVAL4Rbvx/Ptsu3P+pA09f6Q==",
      "dev": true,
      "license": "Apache-2.0"
    },
    "node_modules/imagescript": {
      "version": "1.3.0",
      "resolved": "https://registry.npmjs.org/imagescript/-/imagescript-1.3.0.tgz",
      "integrity": "sha512-lCYzQrWzdnA68K03oMj/BUlBJrVBnslzDOgGFymAp49NmdGEJxGeN7sHh5mCva0nQkq+kkKSuru2zLf1m04+3A==",
      "dev": true,
      "license": "(AGPL-3.0-or-later OR MIT)",
      "engines": {
        "node": ">=14.0.0"
      }
    }
  }
}
